// !$*UTF8*$!
{
	archiveVersion = 1;
	classes = {
	};
	objectVersion = 46;
	objects = {

/* Begin PBXBuildFile section */
		85F862B31E8F50970063E661 /* main.m in Sources */ = {isa = PBXBuildFile; fileRef = 85F862B21E8F50970063E661 /* main.m */; };
		85F862B61E8F50970063E661 /* AppDelegate.m in Sources */ = {isa = PBXBuildFile; fileRef = 85F862B51E8F50970063E661 /* AppDelegate.m */; };
		85F862B91E8F50970063E661 /* ViewController.m in Sources */ = {isa = PBXBuildFile; fileRef = 85F862B81E8F50970063E661 /* ViewController.m */; };
		85F862BC1E8F50970063E661 /* Main.storyboard in Resources */ = {isa = PBXBuildFile; fileRef = 85F862BA1E8F50970063E661 /* Main.storyboard */; };
		85F862BE1E8F50970063E661 /* Assets.xcassets in Resources */ = {isa = PBXBuildFile; fileRef = 85F862BD1E8F50970063E661 /* Assets.xcassets */; };
		85F862C11E8F50970063E661 /* LaunchScreen.storyboard in Resources */ = {isa = PBXBuildFile; fileRef = 85F862BF1E8F50970063E661 /* LaunchScreen.storyboard */; };
		85F862C91E8F50DE0063E661 /* bank.plist in Resources */ = {isa = PBXBuildFile; fileRef = 85F862C81E8F50DD0063E661 /* bank.plist */; };
/* End PBXBuildFile section */

/* Begin PBXFileReference section */
		85F862AE1E8F50970063E661 /* BankName.app */ = {isa = PBXFileReference; explicitFileType = wrapper.application; includeInIndex = 0; path = BankName.app; sourceTree = BUILT_PRODUCTS_DIR; };
		85F862B21E8F50970063E661 /* main.m */ = {isa = PBXFileReference; lastKnownFileType = sourcecode.c.objc; path = main.m; sourceTree = "<group>"; };
		85F862B41E8F50970063E661 /* AppDelegate.h */ = {isa = PBXFileReference; lastKnownFileType = sourcecode.c.h; path = AppDelegate.h; sourceTree = "<group>"; };
		85F862B51E8F50970063E661 /* AppDelegate.m */ = {isa = PBXFileReference; lastKnownFileType = sourcecode.c.objc; path = AppDelegate.m; sourceTree = "<group>"; };
		85F862B71E8F50970063E661 /* ViewController.h */ = {isa = PBXFileReference; lastKnownFileType = sourcecode.c.h; path = ViewController.h; sourceTree = "<group>"; };
		85F862B81E8F50970063E661 /* ViewController.m */ = {isa = PBXFileReference; lastKnownFileType = sourcecode.c.objc; path = ViewController.m; sourceTree = "<group>"; };
		85F862BB1E8F50970063E661 /* Base */ = {isa = PBXFileReference; lastKnownFileType = file.storyboard; name = Base; path = Base.lproj/Main.storyboard; sourceTree = "<group>"; };
		85F862BD1E8F50970063E661 /* Assets.xcassets */ = {isa = PBXFileReference; lastKnownFileType = folder.assetcatalog; path = Assets.xcassets; sourceTree = "<group>"; };
		85F862C01E8F50970063E661 /* Base */ = {isa = PBXFileReference; lastKnownFileType = file.storyboard; name = Base; path = Base.lproj/LaunchScreen.storyboard; sourceTree = "<group>"; };
		85F862C21E8F50970063E661 /* Info.plist */ = {isa = PBXFileReference; lastKnownFileType = text.plist.xml; path = Info.plist; sourceTree = "<group>"; };
		85F862C81E8F50DD0063E661 /* bank.plist */ = {isa = PBXFileReference; fileEncoding = 4; lastKnownFileType = text.plist.xml; path = bank.plist; sourceTree = "<group>"; };
/* End PBXFileReference section */

/* Begin PBXFrameworksBuildPhase section */
		85F862AB1E8F50970063E661 /* Frameworks */ = {
			isa = PBXFrameworksBuildPhase;
			buildActionMask = 2147483647;
			files = (
			);
			runOnlyForDeploymentPostprocessing = 0;
		};
/* End PBXFrameworksBuildPhase section */

/* Begin PBXGroup section */
		85F862A51E8F50960063E661 = {
			isa = PBXGroup;
			children = (
				85F862B01E8F50970063E661 /* BankName */,
				85F862AF1E8F50970063E661 /* Products */,
			);
			sourceTree = "<group>";
		};
		85F862AF1E8F50970063E661 /* Products */ = {
			isa = PBXGroup;
			children = (
				85F862AE1E8F50970063E661 /* BankName.app */,
			);
			name = Products;
			sourceTree = "<group>";
		};
		85F862B01E8F50970063E661 /* BankName */ = {
			isa = PBXGroup;
			children = (
				85F862B41E8F50970063E661 /* AppDelegate.h */,
				85F862B51E8F50970063E661 /* AppDelegate.m */,
				85F862B71E8F50970063E661 /* ViewController.h */,
				85F862B81E8F50970063E661 /* ViewController.m */,
				85F862C81E8F50DD0063E661 /* bank.plist */,
				85F862BA1E8F50970063E661 /* Main.storyboard */,
				85F862BD1E8F50970063E661 /* Assets.xcassets */,
				85F862BF1E8F50970063E661 /* LaunchScreen.storyboard */,
				85F862C21E8F50970063E661 /* Info.plist */,
				85F862B11E8F50970063E661 /* Supporting Files */,
			);
			path = BankName;
			sourceTree = "<group>";
		};
		85F862B11E8F50970063E661 /* Supporting Files */ = {
			isa = PBXGroup;
			children = (
				85F862B21E8F50970063E661 /* main.m */,
			);
			name = "Supporting Files";
			sourceTree = "<group>";
		};
/* End PBXGroup section */

/* Begin PBXNativeTarget section */
		85F862AD1E8F50970063E661 /* BankName */ = {
			isa = PBXNativeTarget;
			buildConfigurationList = 85F862C51E8F50970063E661 /* Build configuration list for PBXNativeTarget "BankName" */;
			buildPhases = (
				85F862AA1E8F50970063E661 /* Sources */,
				85F862AB1E8F50970063E661 /* Frameworks */,
				85F862AC1E8F50970063E661 /* Resources */,
			);
			buildRules = (
			);
			dependencies = (
			);
			name = BankName;
			productName = BankName;
			productReference = 85F862AE1E8F50970063E661 /* BankName.app */;
			productType = "com.apple.product-type.application";
		};
/* End PBXNativeTarget section */

/* Begin PBXProject section */
		85F862A61E8F50960063E661 /* Project object */ = {
			isa = PBXProject;
			attributes = {
				LastUpgradeCheck = 0820;
				ORGANIZATIONNAME = "周松";
				TargetAttributes = {
					85F862AD1E8F50970063E661 = {
						CreatedOnToolsVersion = 8.2.1;
						DevelopmentTeam = UHEU266226;
						ProvisioningStyle = Automatic;
					};
				};
			};
			buildConfigurationList = 85F862A91E8F50960063E661 /* Build configuration list for PBXProject "BankName" */;
			compatibilityVersion = "Xcode 3.2";
			developmentRegion = English;
			hasScannedForEncodings = 0;
			knownRegions = (
				en,
				Base,
			);
			mainGroup = 85F862A51E8F50960063E661;
			productRefGroup = 85F862AF1E8F50970063E661 /* Products */;
			projectDirPath = "";
			projectRoot = "";
			targets = (
				85F862AD1E8F50970063E661 /* BankName */,
			);
		};
/* End PBXProject section */

/* Begin PBXResourcesBuildPhase section */
		85F862AC1E8F50970063E661 /* Resources */ = {
			isa = PBXResourcesBuildPhase;
			buildActionMask = 2147483647;
			files = (
				85F862C91E8F50DE0063E661 /* bank.plist in Resources */,
				85F862C11E8F50970063E661 /* LaunchScreen.storyboard in Resources */,
				85F862BE1E8F50970063E661 /* Assets.xcassets in Resources */,
				85F862BC1E8F50970063E661 /* Main.storyboard in Resources */,
			);
			runOnlyForDeploymentPostprocessing = 0;
		};
/* End PBXResourcesBuildPhase section */

/* Begin PBXSourcesBuildPhase section */
		85F862AA1E8F50970063E661 /* Sources */ = {
			isa = PBXSourcesBuildPhase;
			buildActionMask = 2147483647;
			files = (
				85F862B91E8F50970063E661 /* ViewController.m in Sources */,
				85F862B61E8F50970063E661 /* AppDelegate.m in Sources */,
				85F862B31E8F50970063E661 /* main.m in Sources */,
			);
			runOnlyForDeploymentPostprocessing = 0;
		};
/* End PBXSourcesBuildPhase section */

/* Begin PBXVariantGroup section */
		85F862BA1E8F50970063E661 /* Main.storyboard */ = {
			isa = PBXVariantGroup;
			children = (
				85F862BB1E8F50970063E661 /* Base */,
			);
			name = Main.storyboard;
			sourceTree = "<group>";
		};
		85F862BF1E8F50970063E661 /* LaunchScreen.storyboard */ = {
			isa = PBXVariantGroup;
			children = (
				85F862C01E8F50970063E661 /* Base */,
			);
			name = LaunchScreen.storyboard;
			sourceTree = "<group>";
		};
/* End PBXVariantGroup section */

/* Begin XCBuildConfiguration section */
		85F862C31E8F50970063E661 /* Debug */ = {
			isa = XCBuildConfiguration;
			buildSettings = {
				ALWAYS_SEARCH_USER_PATHS = NO;
				CLANG_ANALYZER_NONNULL = YES;
				CLANG_CXX_LANGUAGE_STANDARD = "gnu++0x";
				CLANG_CXX_LIBRARY = "libc++";
				CLANG_ENABLE_MODULES = YES;
				CLANG_ENABLE_OBJC_ARC = YES;
				CLANG_WARN_BOOL_CONVERSION = YES;
				CLANG_WARN_CONSTANT_CONVERSION = YES;
				CLANG_WARN_DIRECT_OBJC_ISA_USAGE = YES_ERROR;
				CLANG_WARN_DOCUMENTATION_COMMENTS = YES;
				CLANG_WARN_EMPTY_BODY = YES;
				CLANG_WARN_ENUM_CONVERSION = YES;
				CLANG_WARN_INFINITE_RECURSION = YES;
				CLANG_WARN_INT_CONVERSION = YES;
				CLANG_WARN_OBJC_ROOT_CLASS = YES_ERROR;
				CLANG_WARN_SUSPICIOUS_MOVE = YES;
				CLANG_WARN_UNREACHABLE_CODE = YES;
				CLANG_WARN__DUPLICATE_METHOD_MATCH = YES;
				"CODE_SIGN_IDENTITY[sdk=iphoneos*]" = "iPhone Developer";
				COPY_PHASE_STRIP = NO;
				DEBUG_INFORMATION_FORMAT = dwarf;
				ENABLE_STRICT_OBJC_MSGSEND = YES;
				ENABLE_TESTABILITY = YES;
				GCC_C_LANGUAGE_STANDARD = gnu99;
				GCC_DYNAMIC_NO_PIC = NO;
				GCC_NO_COMMON_BLOCKS = YES;
				GCC_OPTIMIZATION_LEVEL = 0;
				GCC_PREPROCESSOR_DEFINITIONS = (
					"DEBUG=1",
					"$(inherited)",
				);
				GCC_WARN_64_TO_32_BIT_CONVERSION = YES;
				GCC_WARN_ABOUT_RETURN_TYPE = YES_ERROR;
				GCC_WARN_UNDECLARED_SELECTOR = YES;
				GCC_WARN_UNINITIALIZED_AUTOS = YES_AGGRESSIVE;
				GCC_WARN_UNUSED_FUNCTION = YES;
				GCC_WARN_UNUSED_VARIABLE = YES;
				IPHONEOS_DEPLOYMENT_TARGET = 10.2;
				MTL_ENABLE_DEBUG_INFO = YES;
				ONLY_ACTIVE_ARCH = YES;
				SDKROOT = iphoneos;
				TARGETED_DEVICE_FAMILY = "1,2";
			};
			name = Debug;
		};
		85F862C41E8F50970063E661 /* Release */ = {
			isa = XCBuildConfiguration;
			buildSettings = {
				ALWAYS_SEARCH_USER_PATHS = NO;
				CLANG_ANALYZER_NONNULL = YES;
				CLANG_CXX_LANGUAGE_STANDARD = "gnu++0x";
				CLANG_CXX_LIBRARY = "libc++";
				CLANG_ENABLE_MODULES = YES;
				CLANG_ENABLE_OBJC_ARC = YES;
				CLANG_WARN_BOOL_CONVERSION = YES;
				CLANG_WARN_CONSTANT_CONVERSION = YES;
				CLANG_WARN_DIRECT_OBJC_ISA_USAGE = YES_ERROR;
				CLANG_WARN_DOCUMENTATION_COMMENTS = YES;
				CLANG_WARN_EMPTY_BODY = YES;
				CLANG_WARN_ENUM_CONVERSION = YES;
				CLANG_WARN_INFINITE_RECURSION = YES;
				CLANG_WARN_INT_CONVERSION = YES;
				CLANG_WARN_OBJC_ROOT_CLASS = YES_ERROR;
				CLANG_WARN_SUSPICIOUS_MOVE = YES;
				CLANG_WARN_UNREACHABLE_CODE = YES;
				CLANG_WARN__DUPLICATE_METHOD_MATCH = YES;
				"CODE_SIGN_IDENTITY[sdk=iphoneos*]" = "iPhone Developer";
				COPY_PHASE_STRIP = NO;
				DEBUG_INFORMATION_FORMAT = "dwarf-with-dsym";
				ENABLE_NS_ASSERTIONS = NO;
				ENABLE_STRICT_OBJC_MSGSEND = YES;
				GCC_C_LANGUAGE_STANDARD = gnu99;
				GCC_NO_COMMON_BLOCKS = YES;
				GCC_WARN_64_TO_32_BIT_CONVERSION = YES;
				GCC_WARN_ABOUT_RETURN_TYPE = YES_ERROR;
				GCC_WARN_UNDECLARED_SELECTOR = YES;
				GCC_WARN_UNINITIALIZED_AUTOS = YES_AGGRESSIVE;
				GCC_WARN_UNUSED_FUNCTION = YES;
				GCC_WARN_UNUSED_VARIABLE = YES;
				IPHONEOS_DEPLOYMENT_TARGET = 10.2;
				MTL_ENABLE_DEBUG_INFO = NO;
				SDKROOT = iphoneos;
				TARGETED_DEVICE_FAMILY = "1,2";
				VALIDATE_PRODUCT = YES;
			};
			name = Release;
		};
		85F862C61E8F50970063E661 /* Debug */ = {
			isa = XCBuildConfiguration;
			buildSettings = {
				ASSETCATALOG_COMPILER_APPICON_NAME = AppIcon;
				DEVELOPMENT_TEAM = UHEU266226;
				INFOPLIST_FILE = BankName/Info.plist;
				LD_RUNPATH_SEARCH_PATHS = "$(inherited) @executable_path/Frameworks";
				PRODUCT_BUNDLE_IDENTIFIER = com.baidu.BankName;
				PRODUCT_NAME = "$(TARGET_NAME)";
			};
			name = Debug;
		};
		85F862C71E8F50970063E661 /* Release */ = {
			isa = XCBuildConfiguration;
			buildSettings = {
				ASSETCATALOG_COMPILER_APPICON_NAME = AppIcon;
				DEVELOPMENT_TEAM = UHEU266226;
				INFOPLIST_FILE = BankName/Info.plist;
				LD_RUNPATH_SEARCH_PATHS = "$(inherited) @executable_path/Frameworks";
				PRODUCT_BUNDLE_IDENTIFIER = com.baidu.BankName;
				PRODUCT_NAME = "$(TARGET_NAME)";
			};
			name = Release;
		};
/* End XCBuildConfiguration section */

/* Begin XCConfigurationList section */
		85F862A91E8F50960063E661 /* Build configuration list for PBXProject "BankName" */ = {
			isa = XCConfigurationList;
			buildConfigurations = (
				85F862C31E8F50970063E661 /* Debug */,
				85F862C41E8F50970063E661 /* Release */,
			);
			defaultConfigurationIsVisible = 0;
			defaultConfigurationName = Release;
		};
		85F862C51E8F50970063E661 /* Build configuration list for PBXNativeTarget "BankName" */ = {
			isa = XCConfigurationList;
			buildConfigurations = (
				85F862C61E8F50970063E661 /* Debug */,
				85F862C71E8F50970063E661 /* Release */,
			);
			defaultConfigurationIsVisible = 0;
		};
/* End XCConfigurationList section */
	};
	rootObject = 85F862A61E8F50960063E661 /* Project object */;
}
